
Microsoft Visual Studio Solution File, Format Version 12.00
# Visual Studio Version 17
VisualStudioVersion = 17.10.35013.160
MinimumVisualStudioVersion = 10.0.40219.1
Project("{FAE04EC0-301F-11D3-BF4B-00C04F79EFBC}") = "Rate_Limiter_Api", "Rate_Limiter_Api.csproj", "{698BB6FF-70E1-4A14-8E56-107CD2DE3479}"
EndProject
Global
	GlobalSection(SolutionConfigurationPlatforms) = preSolution
		Debug|Any CPU = Debug|Any CPU
		Release|Any CPU = Release|Any CPU
	EndGlobalSection
	GlobalSection(ProjectConfigurationPlatforms) = postSolution
		{698BB6FF-70E1-4A14-8E56-107CD2DE3479}.Debug|Any CPU.ActiveCfg = Debug|Any CPU
		{698BB6FF-70E1-4A14-8E56-107CD2DE3479}.Debug|Any CPU.Build.0 = Debug|Any CPU
		{698BB6FF-70E1-4A14-8E56-107CD2DE3479}.Release|Any CPU.ActiveCfg = Release|Any CPU
		{698BB6FF-70E1-4A14-8E56-107CD2DE3479}.Release|Any CPU.Build.0 = Release|Any CPU
	EndGlobalSection
	GlobalSection(SolutionProperties) = preSolution
		HideSolutionNode = FALSE
	EndGlobalSection
	GlobalSection(ExtensibilityGlobals) = postSolution
		SolutionGuid = {A057F5CC-FCA1-4DB0-A8A5-2F3A65118227}
	EndGlobalSection
EndGlobal
